
Microsoft Visual Studio Solution File, Format Version 12.00
# Visual Studio Version 17
VisualStudioVersion = 17.13.35818.85
MinimumVisualStudioVersion = 10.0.40219.1
Project("{FAE04EC0-301F-11D3-BF4B-00C04F79EFBC}") = "MedicalImagingViewer", "MedicalImagingViewer\MedicalImagingViewer.csproj", "{1AD64568-69E7-49F7-B981-52B3EFC035E2}"
EndProject
Project("{FAE04EC0-301F-11D3-BF4B-00C04F79EFBC}") = "MedicalImagingViewer.Tests", "MedicalImagingViewer.Tests\MedicalImagingViewer.Tests.csproj", "{8010D7B8-672F-49F6-B5CA-D295FAF89C22}"
EndProject
Global
	GlobalSection(SolutionConfigurationPlatforms) = preSolution
		Debug|Any CPU = Debug|Any CPU
		Release|Any CPU = Release|Any CPU
	EndGlobalSection
	GlobalSection(ProjectConfigurationPlatforms) = postSolution
		{1AD64568-69E7-49F7-B981-52B3EFC035E2}.Debug|Any CPU.ActiveCfg = Debug|Any CPU
		{1AD64568-69E7-49F7-B981-52B3EFC035E2}.Debug|Any CPU.Build.0 = Debug|Any CPU
		{1AD64568-69E7-49F7-B981-52B3EFC035E2}.Release|Any CPU.ActiveCfg = Release|Any CPU
		{1AD64568-69E7-49F7-B981-52B3EFC035E2}.Release|Any CPU.Build.0 = Release|Any CPU
		{8010D7B8-672F-49F6-B5CA-D295FAF89C22}.Debug|Any CPU.ActiveCfg = Debug|Any CPU
		{8010D7B8-672F-49F6-B5CA-D295FAF89C22}.Debug|Any CPU.Build.0 = Debug|Any CPU
		{8010D7B8-672F-49F6-B5CA-D295FAF89C22}.Release|Any CPU.ActiveCfg = Release|Any CPU
		{8010D7B8-672F-49F6-B5CA-D295FAF89C22}.Release|Any CPU.Build.0 = Release|Any CPU
	EndGlobalSection
	GlobalSection(SolutionProperties) = preSolution
		HideSolutionNode = FALSE
	EndGlobalSection
	GlobalSection(ExtensibilityGlobals) = postSolution
		SolutionGuid = {F7A4789C-D139-4957-A56C-4E81C876611A}
	EndGlobalSection
EndGlobal
